{
    "eb06d4": {
        "url": "https://youtu.be/_6_gwZd-HEE",
        "start": "00:10:58",
        "end": "00:11:00",
        "uid": "eb06d4",
        "download_path": "storage/eb06d4.opus",
        "trimmed_path": "trimmed/eb06d4.mp3",
        "normalized_path": "normalized/eb06d4.mp3",
        "file_url": "https://rushia.moe/clips?uid=eb06d4",
        "published": true
    },
    "b84998": {
        "url": "https://youtu.be/JwS1UNYj-oY",
        "start": "00:02:11",
        "end": "00:02:14",
        "uid": "b84998",
        "download_path": "storage/b84998.opus",
        "trimmed_path": "trimmed/b84998.mp3",
        "normalized_path": "normalized/b84998.mp3",
        "file_url": "https://rushia.moe/clips?uid=b84998",
        "published": true
    },
    "ae364f": {
        "url": "https://youtu.be/DXEHmmxe88c",
        "start": "00:04:02",
        "end": "00:04:04",
        "uid": "ae364f",
        "download_path": "storage/ae364f.opus",
        "trimmed_path": "trimmed/ae364f.mp3",
        "normalized_path": "normalized/ae364f.mp3",
        "file_url": "https://rushia.moe/clips?uid=ae364f",
        "published": true
    },
    "e06cbf": {
        "url": "https://youtu.be/_6_gwZd-HEE",
        "start": "00:06:50",
        "end": "00:06:52",
        "uid": "e06cbf",
        "download_path": "storage/eb06d4.opus",
        "trimmed_path": "trimmed/e06cbf.mp3",
        "normalized_path": "normalized/e06cbf.mp3",
        "file_url": "https://rushia.moe/clips?uid=e06cbf",
        "published": true
    },
    "e9cb13": {
        "url": "https://youtu.be/_6_gwZd-HEE",
        "start": "00:09:19",
        "end": "00:09:21",
        "uid": "e9cb13",
        "download_path": "storage/eb06d4.opus",
        "trimmed_path": "trimmed/e9cb13.mp3",
        "normalized_path": "normalized/e9cb13.mp3",
        "file_url": "https://rushia.moe/clips?uid=e9cb13",
        "published": true
    },
    "9a91bd": {
        "url": "https://youtu.be/_6_gwZd-HEE",
        "start": "00:10:55",
        "end": "00:10:57",
        "uid": "9a91bd",
        "download_path": "storage/eb06d4.opus",
        "trimmed_path": "trimmed/9a91bd.mp3",
        "normalized_path": "normalized/9a91bd.mp3",
        "file_url": "https://rushia.moe/clips?uid=9a91bd",
        "published": true
    },
    "7fdc1d": {
        "url": "https://youtu.be/_6_gwZd-HEE",
        "start": "00:12:39",
        "end": "00:12:40",
        "uid": "7fdc1d",
        "download_path": "storage/eb06d4.opus",
        "trimmed_path": "trimmed/7fdc1d.mp3",
        "normalized_path": "normalized/7fdc1d.mp3",
        "file_url": "https://rushia.moe/clips?uid=7fdc1d",
        "published": true
    },
    "728846": {
        "url": "https://www.bilibili.com/video/BV1RJ411H7ED",
        "start": "00:02:36",
        "end": "00:02:39",
        "uid": "728846",
        "download_path": "storage/728846.opus",
        "trimmed_path": "trimmed/728846.mp3",
        "normalized_path": "normalized/728846.mp3",
        "file_url": "https://rushia.moe/clips?uid=728846",
        "published": true
    },
    "6dec81": {
        "url": "https://www.bilibili.com/video/BV1RJ411H7ED",
        "start": "00:03:24",
        "end": "00:03:26",
        "uid": "6dec81",
        "download_path": "storage/728846.opus",
        "trimmed_path": "trimmed/6dec81.mp3",
        "normalized_path": "normalized/6dec81.mp3",
        "file_url": "https://rushia.moe/clips?uid=6dec81",
        "published": true
    },
    "ce30ae": {
        "url": "https://www.bilibili.com/video/BV1RJ411H7ED",
        "start": "00:04:24",
        "end": "00:04:25",
        "uid": "ce30ae",
        "download_path": "storage/728846.opus",
        "trimmed_path": "trimmed/ce30ae.mp3",
        "normalized_path": null,
        "file_url": "https://f002.backblazeb2.com/file/RushiaBtn/ce30ae.mp3",
        "published": true
    },
    "f6058f": {
        "url": "https://www.bilibili.com/video/BV1RJ411H7ED",
        "start": "00:03:48",
        "end": "00:03:50",
        "uid": "f6058f",
        "download_path": "storage/728846.opus",
        "trimmed_path": "trimmed/f6058f.mp3",
        "normalized_path": "normalized/f6058f.mp3",
        "file_url": "https://rushia.moe/clips?uid=f6058f",
        "published": true
    },
    "d5f5a4": {
        "url": "https://www.bilibili.com/video/BV1RJ411H7ED",
        "start": "00:03:53",
        "end": "00:03:59",
        "uid": "d5f5a4",
        "download_path": "storage/728846.opus",
        "trimmed_path": "trimmed/d5f5a4.mp3",
        "normalized_path": "normalized/d5f5a4.mp3",
        "file_url": "https://rushia.moe/clips?uid=d5f5a4",
        "published": true
    },
    "f2b1ca": {
        "url": "https://www.bilibili.com/video/BV1RJ411H7ED",
        "start": "0:4:24.600",
        "end": "0:4:25.500",
        "uid": "f2b1ca",
        "download_path": "storage/728846.opus",
        "trimmed_path": "trimmed/f2b1ca.mp3",
        "normalized_path": "normalized/f2b1ca.mp3",
        "file_url": null,
        "published": false
    },
    "799f7a": {
        "url": "https://www.bilibili.com/video/BV1RJ411H7ED",
        "start": "0:4:24.300",
        "end": "0:4:25.300",
        "uid": "799f7a",
        "download_path": "storage/728846.opus",
        "trimmed_path": "trimmed/799f7a.mp3",
        "normalized_path": "normalized/799f7a.mp3",
        "file_url": "https://rushia.moe/clips?uid=799f7a",
        "published": true
    },
    "3a40c7": {
        "url": "https://youtu.be/w0WHOjw-vwY",
        "start": "00:05:08",
        "end": "00:05:12",
        "uid": "3a40c7",
        "download_path": "storage/3a40c7.opus",
        "trimmed_path": "trimmed/3a40c7.mp3",
        "normalized_path": "normalized/3a40c7.mp3",
        "file_url": "https://rushia.moe/clips?uid=3a40c7",
        "published": true
    },
    "d02980": {
        "url": "https://youtu.be/w0WHOjw-vwY",
        "start": "00:06:40",
        "end": "00:06:42",
        "uid": "d02980",
        "download_path": "storage/3a40c7.opus",
        "trimmed_path": "trimmed/d02980.mp3",
        "normalized_path": "normalized/d02980.mp3",
        "file_url": "https://rushia.moe/clips?uid=d02980",
        "published": true
    },
    "dda4a9": {
        "url": "https://youtu.be/w0WHOjw-vwY",
        "start": "00:12:48",
        "end": "00:12:52",
        "uid": "dda4a9",
        "download_path": "storage/3a40c7.opus",
        "trimmed_path": "trimmed/dda4a9.mp3",
        "normalized_path": "normalized/dda4a9.mp3",
        "file_url": "https://rushia.moe/clips?uid=dda4a9",
        "published": true
    },
    "f546e0": {
        "url": "https://b23.tv/OfRM59",
        "start": "00:00:47",
        "end": "00:00:51",
        "uid": "f546e0",
        "download_path": "storage/f546e0.opus",
        "trimmed_path": "trimmed/f546e0.mp3",
        "normalized_path": "normalized/f546e0.mp3",
        "file_url": "https://rushia.moe/clips?uid=f546e0",
        "published": true
    },
    "9df643": {
        "url": "https://www.bilibili.com/video/BV1x7411w7Gm/",
        "start": "00:00:00",
        "end": "00:00:09",
        "uid": "9df643",
        "download_path": "storage/9df643.opus",
        "trimmed_path": "trimmed/9df643.mp3",
        "normalized_path": "normalized/9df643.mp3",
        "file_url": "https://rushia.moe/clips?uid=9df643",
        "published": true
    },
    "74e323": {
        "url": "https://www.bilibili.com/video/BV1LD4y1U7ZE",
        "start": "00:00:11",
        "end": "00:00:16",
        "uid": "74e323",
        "download_path": "storage/74e323.opus",
        "trimmed_path": "trimmed/74e323.mp3",
        "normalized_path": "normalized/74e323.mp3",
        "file_url": null,
        "published": false
    },
    "1957d9": {
        "url": "https://www.bilibili.com/video/BV1LD4y1U7ZE",
        "start": "00:00:11",
        "end": "00:00:16",
        "uid": "1957d9",
        "download_path": "storage/74e323.opus",
        "trimmed_path": "trimmed/1957d9.mp3",
        "normalized_path": "normalized/1957d9.mp3",
        "file_url": null,
        "published": false
    },
    "b664b7": {
        "url": "https://youtu.be/_6_gwZd-HEE",
        "start": "00:20:59",
        "end": "00:21:01",
        "uid": "b664b7",
        "download_path": "storage/eb06d4.opus",
        "trimmed_path": "trimmed/b664b7.mp3",
        "normalized_path": "normalized/b664b7.mp3",
        "file_url": "https://rushia.moe/clips?uid=b664b7",
        "published": true
    },
    "bab498": {
        "url": "https://youtu.be/_6_gwZd-HEE",
        "start": "00:12:39",
        "end": "00:12:40",
        "uid": "bab498",
        "download_path": "storage/eb06d4.opus",
        "trimmed_path": "trimmed/bab498.mp3",
        "normalized_path": "normalized/bab498.mp3",
        "file_url": "https://rushia.moe/clips?uid=bab498",
        "published": true
    },
    "336074": {
        "url": "https://www.bilibili.com/video/BV1754y1U7HJ",
        "start": "00:00:02",
        "end": "00:00:22",
        "uid": "336074",
        "download_path": "storage/336074.opus",
        "trimmed_path": "trimmed/336074.mp3",
        "normalized_path": "normalized/336074.mp3",
        "file_url": "https://rushia.moe/clips?uid=336074",
        "published": true
    },
    "25cf29": {
        "url": "https://www.bilibili.com/video/BV1LD4y1U7ZE",
        "start": "00:00:09",
        "end": "00:00:10",
        "uid": "25cf29",
        "download_path": "storage/74e323.opus",
        "trimmed_path": "trimmed/25cf29.mp3",
        "normalized_path": "normalized/25cf29.mp3",
        "file_url": "https://rushia.moe/clips?uid=25cf29",
        "published": true
    },
    "0c0e2a": {
        "url": "https://www.bilibili.com/video/BV1LD4y1U7ZE",
        "start": "00:00:11",
        "end": "00:00:16",
        "uid": "0c0e2a",
        "download_path": "storage/74e323.opus",
        "trimmed_path": "trimmed/0c0e2a.mp3",
        "normalized_path": "normalized/0c0e2a.mp3",
        "file_url": "https://rushia.moe/clips?uid=0c0e2a",
        "published": true
    },
    "d45ad1": {
        "url": "https://youtu.be/w0WHOjw-vwY",
        "start": "00:13:47",
        "end": "00:13:49",
        "uid": "d45ad1",
        "download_path": "storage/3a40c7.opus",
        "trimmed_path": "trimmed/d45ad1.mp3",
        "normalized_path": "normalized/d45ad1.mp3",
        "file_url": "https://rushia.moe/clips?uid=d45ad1",
        "published": true
    },
    "79ce39": {
        "url": "https://youtu.be/w0WHOjw-vwY",
        "start": "00:14:02",
        "end": "00:14:08",
        "uid": "79ce39",
        "download_path": "storage/3a40c7.opus",
        "trimmed_path": "trimmed/79ce39.mp3",
        "normalized_path": "normalized/79ce39.mp3",
        "file_url": "https://rushia.moe/clips?uid=79ce39",
        "published": true
    },
    "7e6b63": {
        "url": "https://youtu.be/w0WHOjw-vwY",
        "start": "00:21:39",
        "end": "00:21:43",
        "uid": "7e6b63",
        "download_path": "storage/3a40c7.opus",
        "trimmed_path": "trimmed/7e6b63.mp3",
        "normalized_path": "normalized/7e6b63.mp3",
        "file_url": "https://rushia.moe/clips?uid=7e6b63",
        "published": true
    },
    "5bf644": {
        "url": "https://youtu.be/w0WHOjw-vwY",
        "start": "00:23:24",
        "end": "00:23:34",
        "uid": "5bf644",
        "download_path": "storage/3a40c7.opus",
        "trimmed_path": "trimmed/5bf644.mp3",
        "normalized_path": "normalized/5bf644.mp3",
        "file_url": "https://rushia.moe/clips?uid=5bf644",
        "published": true
    },
    "106a29": {
        "url": "https://youtu.be/w0WHOjw-vwY",
        "start": "00:23:52",
        "end": "00:23:55",
        "uid": "106a29",
        "download_path": "storage/3a40c7.opus",
        "trimmed_path": "trimmed/106a29.mp3",
        "normalized_path": "normalized/106a29.mp3",
        "file_url": "https://rushia.moe/clips?uid=106a29",
        "published": true
    },
    "c568e3": {
        "url": "https://youtu.be/w0WHOjw-vwY",
        "start": "00:29:01",
        "end": "00:29:13",
        "uid": "c568e3",
        "download_path": "storage/3a40c7.opus",
        "trimmed_path": "trimmed/c568e3.mp3",
        "normalized_path": "normalized/c568e3.mp3",
        "file_url": "https://rushia.moe/clips?uid=c568e3",
        "published": true
    }
}